
Microsoft Visual Studio Solution File, Format Version 12.00
# Visual Studio 15
VisualStudioVersion = 15.0.28010.2046
MinimumVisualStudioVersion = 10.0.40219.1
Project("{FAE04EC0-301F-11D3-BF4B-00C04F79EFBC}") = "Illallangi.TravelLog.Model", "Illallangi.TravelLog.Model\Illallangi.TravelLog.Model.csproj", "{3E158370-BC94-4CEA-9ABB-250723E9A12E}"
EndProject
Project("{FAE04EC0-301F-11D3-BF4B-00C04F79EFBC}") = "Illallangi.TravelLog.PowerShell", "Illallangi.TravelLog.PowerShell\Illallangi.TravelLog.PowerShell.csproj", "{C4A1EA7E-C0F3-4A5A-926B-5F4BFE02C1DA}"
EndProject
Project("{FAE04EC0-301F-11D3-BF4B-00C04F79EFBC}") = "Illallangi.TravelLog.GeoJson", "Illallangi.TravelLog.GeoJson\Illallangi.TravelLog.GeoJson.csproj", "{4C35DBC5-25F5-4158-9871-0EA057987CB1}"
EndProject
Global
	GlobalSection(SolutionConfigurationPlatforms) = preSolution
		Debug|Any CPU = Debug|Any CPU
		Release|Any CPU = Release|Any CPU
	EndGlobalSection
	GlobalSection(ProjectConfigurationPlatforms) = postSolution
		{3E158370-BC94-4CEA-9ABB-250723E9A12E}.Debug|Any CPU.ActiveCfg = Debug|Any CPU
		{3E158370-BC94-4CEA-9ABB-250723E9A12E}.Debug|Any CPU.Build.0 = Debug|Any CPU
		{3E158370-BC94-4CEA-9ABB-250723E9A12E}.Release|Any CPU.ActiveCfg = Release|Any CPU
		{3E158370-BC94-4CEA-9ABB-250723E9A12E}.Release|Any CPU.Build.0 = Release|Any CPU
		{C4A1EA7E-C0F3-4A5A-926B-5F4BFE02C1DA}.Debug|Any CPU.ActiveCfg = Debug|Any CPU
		{C4A1EA7E-C0F3-4A5A-926B-5F4BFE02C1DA}.Debug|Any CPU.Build.0 = Debug|Any CPU
		{C4A1EA7E-C0F3-4A5A-926B-5F4BFE02C1DA}.Release|Any CPU.ActiveCfg = Release|Any CPU
		{C4A1EA7E-C0F3-4A5A-926B-5F4BFE02C1DA}.Release|Any CPU.Build.0 = Release|Any CPU
		{4C35DBC5-25F5-4158-9871-0EA057987CB1}.Debug|Any CPU.ActiveCfg = Debug|Any CPU
		{4C35DBC5-25F5-4158-9871-0EA057987CB1}.Debug|Any CPU.Build.0 = Debug|Any CPU
		{4C35DBC5-25F5-4158-9871-0EA057987CB1}.Release|Any CPU.ActiveCfg = Release|Any CPU
		{4C35DBC5-25F5-4158-9871-0EA057987CB1}.Release|Any CPU.Build.0 = Release|Any CPU
	EndGlobalSection
	GlobalSection(SolutionProperties) = preSolution
		HideSolutionNode = FALSE
	EndGlobalSection
	GlobalSection(ExtensibilityGlobals) = postSolution
		SolutionGuid = {8CAAFC10-0F90-4322-923C-4AA394CDBBFC}
	EndGlobalSection
EndGlobal
